
Microsoft Visual Studio Solution File, Format Version 12.00
# Visual Studio Version 17
VisualStudioVersion = 17.9.34728.123
MinimumVisualStudioVersion = 10.0.40219.1
Project("{9A19103F-16F7-4668-BE54-9A1E7A4F7556}") = "BookBinder", "BookBinder\BookBinder.csproj", "{7D1DDA36-7EC9-4768-A377-E0EF4F664F2E}"
EndProject
Project("{FAE04EC0-301F-11D3-BF4B-00C04F79EFBC}") = "BookBinder.Tests", "BookBinder.Tests\BookBinder.Tests.csproj", "{46BE91C7-805E-4CD6-8117-19F13941AAEE}"
EndProject
Global
	GlobalSection(SolutionConfigurationPlatforms) = preSolution
		Debug|Any CPU = Debug|Any CPU
		Release|Any CPU = Release|Any CPU
	EndGlobalSection
	GlobalSection(ProjectConfigurationPlatforms) = postSolution
		{7D1DDA36-7EC9-4768-A377-E0EF4F664F2E}.Debug|Any CPU.ActiveCfg = Debug|Any CPU
		{7D1DDA36-7EC9-4768-A377-E0EF4F664F2E}.Debug|Any CPU.Build.0 = Debug|Any CPU
		{7D1DDA36-7EC9-4768-A377-E0EF4F664F2E}.Debug|Any CPU.Deploy.0 = Debug|Any CPU
		{7D1DDA36-7EC9-4768-A377-E0EF4F664F2E}.Release|Any CPU.ActiveCfg = Release|Any CPU
		{7D1DDA36-7EC9-4768-A377-E0EF4F664F2E}.Release|Any CPU.Build.0 = Release|Any CPU
		{7D1DDA36-7EC9-4768-A377-E0EF4F664F2E}.Release|Any CPU.Deploy.0 = Release|Any CPU
		{46BE91C7-805E-4CD6-8117-19F13941AAEE}.Debug|Any CPU.ActiveCfg = Debug|Any CPU
		{46BE91C7-805E-4CD6-8117-19F13941AAEE}.Debug|Any CPU.Build.0 = Debug|Any CPU
		{46BE91C7-805E-4CD6-8117-19F13941AAEE}.Release|Any CPU.ActiveCfg = Release|Any CPU
		{46BE91C7-805E-4CD6-8117-19F13941AAEE}.Release|Any CPU.Build.0 = Release|Any CPU
	EndGlobalSection
	GlobalSection(SolutionProperties) = preSolution
		HideSolutionNode = FALSE
	EndGlobalSection
	GlobalSection(ExtensibilityGlobals) = postSolution
		SolutionGuid = {97D445D5-2BF2-4A01-8894-7F46DC4D7CC6}
	EndGlobalSection
EndGlobal
